
Microsoft Visual Studio Solution File, Format Version 12.00
Project("{FAE04EC0-301F-11D3-BF4B-00C04F79EFBC}") = "TheTest.ServiceA", "servicea\src\TheTest.ServiceA\TheTest.ServiceA.csproj", "{E96FDB20-F63F-451D-8A79-C1E54EE2320E}"
EndProject
Project("{FAE04EC0-301F-11D3-BF4B-00C04F79EFBC}") = "TheTest.ServiceB", "serviceb\src\TheTest.ServiceB\TheTest.ServiceB.csproj", "{E59A9607-9C43-4C1E-BCD1-D45DBFD0B197}"
EndProject
Project("{FAE04EC0-301F-11D3-BF4B-00C04F79EFBC}") = "TheTest", "thetest\src\TheTest\TheTest.csproj", "{72A777C6-00B4-4DAC-871B-DE06A762C048}"
EndProject
Project("{2150E333-8FDC-42A3-9474-1A3956D46DE8}") = "thetest", "thetest", "{F887AAF1-9F02-41DB-905A-E27D6EFAAE6A}"
EndProject
Project("{2150E333-8FDC-42A3-9474-1A3956D46DE8}") = "servicea", "servicea", "{E86706B1-F9AD-4392-8968-F048140FF3E8}"
EndProject
Project("{2150E333-8FDC-42A3-9474-1A3956D46DE8}") = "serviceb", "serviceb", "{594E0215-3874-4E02-B6BD-42653E58B416}"
EndProject
Project("{2150E333-8FDC-42A3-9474-1A3956D46DE8}") = "src", "src", "{D47B9FB9-331F-4D1B-96B1-A772C11355A3}"
EndProject
Project("{2150E333-8FDC-42A3-9474-1A3956D46DE8}") = "src", "src", "{40B39A7C-4FED-4FA8-BC2A-E2D426FD792E}"
EndProject
Project("{2150E333-8FDC-42A3-9474-1A3956D46DE8}") = "src", "src", "{CF6CE8D5-8691-4238-98B1-E59856717562}"
EndProject
Project("{2150E333-8FDC-42A3-9474-1A3956D46DE8}") = "test", "test", "{41B5F4DC-DABE-453D-AEAA-00689FD5255F}"
EndProject
Project("{2150E333-8FDC-42A3-9474-1A3956D46DE8}") = "test", "test", "{75812E91-710A-41DB-BEB9-910AC5309506}"
EndProject
Project("{2150E333-8FDC-42A3-9474-1A3956D46DE8}") = "test", "test", "{59345852-7FF7-460C-8CCC-6A5D1F6FA4A3}"
EndProject
Project("{FAE04EC0-301F-11D3-BF4B-00C04F79EFBC}") = "TheTest.ServiceA.Tests", "servicea\test\TheTest.ServiceA.Tests\TheTest.ServiceA.Tests.csproj", "{84F30740-E6D2-4CB9-8599-5DFC871D6F86}"
EndProject
Project("{FAE04EC0-301F-11D3-BF4B-00C04F79EFBC}") = "TheTest.Tests", "thetest\test\TheTest.Tests\TheTest.Tests.csproj", "{A19EBDD8-8E31-496B-BD4B-8376C3046464}"
EndProject
Project("{FAE04EC0-301F-11D3-BF4B-00C04F79EFBC}") = "TheTest.ServiceB.Tests", "serviceb\test\TheTest.ServiceB.Tests\TheTest.ServiceB.Tests.csproj", "{EAAE7E7D-9D56-4FCC-A988-F67CF828E1FF}"
EndProject
Global
	GlobalSection(SolutionConfigurationPlatforms) = preSolution
		Debug|Any CPU = Debug|Any CPU
		Release|Any CPU = Release|Any CPU
	EndGlobalSection
	GlobalSection(ProjectConfigurationPlatforms) = postSolution
		{E96FDB20-F63F-451D-8A79-C1E54EE2320E}.Debug|Any CPU.ActiveCfg = Debug|Any CPU
		{E96FDB20-F63F-451D-8A79-C1E54EE2320E}.Debug|Any CPU.Build.0 = Debug|Any CPU
		{E96FDB20-F63F-451D-8A79-C1E54EE2320E}.Release|Any CPU.ActiveCfg = Release|Any CPU
		{E96FDB20-F63F-451D-8A79-C1E54EE2320E}.Release|Any CPU.Build.0 = Release|Any CPU
		{E59A9607-9C43-4C1E-BCD1-D45DBFD0B197}.Debug|Any CPU.ActiveCfg = Debug|Any CPU
		{E59A9607-9C43-4C1E-BCD1-D45DBFD0B197}.Debug|Any CPU.Build.0 = Debug|Any CPU
		{E59A9607-9C43-4C1E-BCD1-D45DBFD0B197}.Release|Any CPU.ActiveCfg = Release|Any CPU
		{E59A9607-9C43-4C1E-BCD1-D45DBFD0B197}.Release|Any CPU.Build.0 = Release|Any CPU
		{72A777C6-00B4-4DAC-871B-DE06A762C048}.Debug|Any CPU.ActiveCfg = Debug|Any CPU
		{72A777C6-00B4-4DAC-871B-DE06A762C048}.Debug|Any CPU.Build.0 = Debug|Any CPU
		{72A777C6-00B4-4DAC-871B-DE06A762C048}.Release|Any CPU.ActiveCfg = Release|Any CPU
		{72A777C6-00B4-4DAC-871B-DE06A762C048}.Release|Any CPU.Build.0 = Release|Any CPU
		{84F30740-E6D2-4CB9-8599-5DFC871D6F86}.Debug|Any CPU.ActiveCfg = Debug|Any CPU
		{84F30740-E6D2-4CB9-8599-5DFC871D6F86}.Debug|Any CPU.Build.0 = Debug|Any CPU
		{84F30740-E6D2-4CB9-8599-5DFC871D6F86}.Release|Any CPU.ActiveCfg = Release|Any CPU
		{84F30740-E6D2-4CB9-8599-5DFC871D6F86}.Release|Any CPU.Build.0 = Release|Any CPU
		{A19EBDD8-8E31-496B-BD4B-8376C3046464}.Debug|Any CPU.ActiveCfg = Debug|Any CPU
		{A19EBDD8-8E31-496B-BD4B-8376C3046464}.Debug|Any CPU.Build.0 = Debug|Any CPU
		{A19EBDD8-8E31-496B-BD4B-8376C3046464}.Release|Any CPU.ActiveCfg = Release|Any CPU
		{A19EBDD8-8E31-496B-BD4B-8376C3046464}.Release|Any CPU.Build.0 = Release|Any CPU
		{EAAE7E7D-9D56-4FCC-A988-F67CF828E1FF}.Debug|Any CPU.ActiveCfg = Debug|Any CPU
		{EAAE7E7D-9D56-4FCC-A988-F67CF828E1FF}.Debug|Any CPU.Build.0 = Debug|Any CPU
		{EAAE7E7D-9D56-4FCC-A988-F67CF828E1FF}.Release|Any CPU.ActiveCfg = Release|Any CPU
		{EAAE7E7D-9D56-4FCC-A988-F67CF828E1FF}.Release|Any CPU.Build.0 = Release|Any CPU
	EndGlobalSection
	GlobalSection(NestedProjects) = preSolution
		{D47B9FB9-331F-4D1B-96B1-A772C11355A3} = {E86706B1-F9AD-4392-8968-F048140FF3E8}
		{E96FDB20-F63F-451D-8A79-C1E54EE2320E} = {D47B9FB9-331F-4D1B-96B1-A772C11355A3}
		{40B39A7C-4FED-4FA8-BC2A-E2D426FD792E} = {594E0215-3874-4E02-B6BD-42653E58B416}
		{E59A9607-9C43-4C1E-BCD1-D45DBFD0B197} = {40B39A7C-4FED-4FA8-BC2A-E2D426FD792E}
		{CF6CE8D5-8691-4238-98B1-E59856717562} = {F887AAF1-9F02-41DB-905A-E27D6EFAAE6A}
		{72A777C6-00B4-4DAC-871B-DE06A762C048} = {CF6CE8D5-8691-4238-98B1-E59856717562}
		{41B5F4DC-DABE-453D-AEAA-00689FD5255F} = {E86706B1-F9AD-4392-8968-F048140FF3E8}
		{75812E91-710A-41DB-BEB9-910AC5309506} = {594E0215-3874-4E02-B6BD-42653E58B416}
		{59345852-7FF7-460C-8CCC-6A5D1F6FA4A3} = {F887AAF1-9F02-41DB-905A-E27D6EFAAE6A}
		{84F30740-E6D2-4CB9-8599-5DFC871D6F86} = {41B5F4DC-DABE-453D-AEAA-00689FD5255F}
		{A19EBDD8-8E31-496B-BD4B-8376C3046464} = {59345852-7FF7-460C-8CCC-6A5D1F6FA4A3}
		{EAAE7E7D-9D56-4FCC-A988-F67CF828E1FF} = {75812E91-710A-41DB-BEB9-910AC5309506}
	EndGlobalSection
EndGlobal
